{
    "_readme": [
        "This file locks the dependencies of your project to a known state",
        "Read more about it at https://getcomposer.org/doc/01-basic-usage.md#installing-dependencies",
        "This file is @generated automatically"
    ],
    "content-hash": "9c68d7818d1d847db4d18a1063e6375b",
    "packages": [
        {
            "name": "divineomega/php-cli-progress-bar",
            "version": "v2.1.0",
            "source": {
                "type": "git",
                "url": "https://github.com/DivineOmega/php-cli-progress-bar.git",
                "reference": "0c2d8d64d27dce8c2f214260c1e28f9fb4821bdc"
            },
            "dist": {
                "type": "zip",
                "url": "https://api.github.com/repos/DivineOmega/php-cli-progress-bar/zipball/0c2d8d64d27dce8c2f214260c1e28f9fb4821bdc",
                "reference": "0c2d8d64d27dce8c2f214260c1e28f9fb4821bdc",
                "shasum": ""
            },
            "require": {
                "khill/php-duration": "^1.0",
                "php": ">=5.6"
            },
            "type": "library",
            "autoload": {
                "psr-4": {
                    "DivineOmega\\CliProgressBar\\": "./src/"
                }
            },
            "notification-url": "https://packagist.org/downloads/",
            "license": [
                "LGPL-3.0-only"
            ],
            "authors": [
                {
                    "name": "Jordan Hall",
                    "email": "jordan@hall05.co.uk"
                }
            ],
            "description": "Progress bar for command line PHP scripts",
            "support": {
                "issues": "https://github.com/DivineOmega/php-cli-progress-bar/issues",
                "source": "https://github.com/DivineOmega/php-cli-progress-bar/tree/master"
            },
            "time": "2020-02-06T21:58:50+00:00"
        },
        {
            "name": "easyrdf/easyrdf",
            "version": "1.1.1",
            "source": {
                "type": "git",
                "url": "https://github.com/easyrdf/easyrdf.git",
                "reference": "c7b0a9dbcb211eb7de03ee99ff5b52d17f2a8e64"
            },
            "dist": {
                "type": "zip",
                "url": "https://api.github.com/repos/easyrdf/easyrdf/zipball/c7b0a9dbcb211eb7de03ee99ff5b52d17f2a8e64",
                "reference": "c7b0a9dbcb211eb7de03ee99ff5b52d17f2a8e64",
                "shasum": ""
            },
            "require": {
                "ext-dom": "*",
                "ext-mbstring": "*",
                "ext-pcre": "*",
                "ext-xmlreader": "*",
                "lib-libxml": "*",
                "php": ">=7.1.0"
            },
            "require-dev": {
                "code-lts/doctum": "^5",
                "ml/json-ld": "~1.0",
                "phpunit/phpunit": "^7",
                "semsol/arc2": "^2.4",
                "squizlabs/php_codesniffer": "3.*",
                "zendframework/zend-http": "~2.3"
            },
            "suggest": {
                "ml/json-ld": "~1.0",
                "semsol/arc2": "~2.2"
            },
            "type": "library",
            "autoload": {
                "psr-4": {
                    "EasyRdf\\": "lib"
                }
            },
            "notification-url": "https://packagist.org/downloads/",
            "license": [
                "BSD-3-Clause"
            ],
            "authors": [
                {
                    "name": "Nicholas Humfrey",
                    "email": "njh@aelius.com",
                    "homepage": "http://www.aelius.com/njh/",
                    "role": "Developer"
                },
                {
                    "name": "Alexey Zakhlestin",
                    "email": "indeyets@gmail.com",
                    "homepage": "http://indeyets.ru/",
                    "role": "Developer"
                }
            ],
            "description": "EasyRdf is a PHP library designed to make it easy to consume and produce RDF.",
            "homepage": "http://www.easyrdf.org/",
            "keywords": [
                "Linked Data",
                "RDF",
                "Semantic Web",
                "Turtle",
                "rdfa",
                "sparql"
            ],
            "support": {
                "forum": "http://groups.google.com/group/easyrdf/",
                "issues": "http://github.com/easyrdf/easyrdf/issues",
                "source": "https://github.com/easyrdf/easyrdf/tree/1.1.1"
            },
            "time": "2020-12-02T08:47:31+00:00"
        },
        {
            "name": "khill/php-duration",
            "version": "1.1.0",
            "source": {
                "type": "git",
                "url": "https://github.com/kevinkhill/php-duration.git",
                "reference": "dcb222fd0c9eb459676c9eef6fb9f9d2baf749b1"
            },
            "dist": {
                "type": "zip",
                "url": "https://api.github.com/repos/kevinkhill/php-duration/zipball/dcb222fd0c9eb459676c9eef6fb9f9d2baf749b1",
                "reference": "dcb222fd0c9eb459676c9eef6fb9f9d2baf749b1",
                "shasum": ""
            },
            "require": {
                "php": ">=5.4"
            },
            "require-dev": {
                "doctrine/instantiator": "1.0.4",
                "phpstan/phpstan": "^0.12.81",
                "phpunit/phpunit": "~4.8|~5.0",
                "satooshi/php-coveralls": "~1.0",
                "symfony/config": "~2.0",
                "symfony/console": "~2.0",
                "symfony/filesystem": "~2.0",
                "symfony/stopwatch": "~2.0",
                "symfony/yaml": "~2.0"
            },
            "type": "library",
            "autoload": {
                "psr-4": {
                    "Khill\\Duration\\": "src/"
                }
            },
            "notification-url": "https://packagist.org/downloads/",
            "license": [
                "MIT"
            ],
            "authors": [
                {
                    "name": "Kevin Hill",
                    "email": "kevinkhill@gmail.com",
                    "role": "Creator"
                },
                {
                    "name": "Duration Community",
                    "homepage": "https://github.com/kevinkhill/php-duration/contributors"
                }
            ],
            "description": "Converts between colon formatted time, human-readable time and seconds",
            "keywords": [
                "convert",
                "duration",
                "seconds",
                "time"
            ],
            "support": {
                "issues": "https://github.com/kevinkhill/php-duration/issues",
                "source": "https://github.com/kevinkhill/php-duration/tree/1.1.0"
            },
            "time": "2021-03-17T11:34:55+00:00"
        },
        {
            "name": "mongodb/mongodb",
            "version": "2.0.0",
            "source": {
                "type": "git",
                "url": "https://github.com/mongodb/mongo-php-library.git",
                "reference": "04cd7edc6a28950e3fab6eccb2869d72a0541232"
            },
            "dist": {
                "type": "zip",
                "url": "https://api.github.com/repos/mongodb/mongo-php-library/zipball/04cd7edc6a28950e3fab6eccb2869d72a0541232",
                "reference": "04cd7edc6a28950e3fab6eccb2869d72a0541232",
                "shasum": ""
            },
            "require": {
                "composer-runtime-api": "^2.0",
                "ext-mongodb": "^2.0",
                "php": "^8.1",
                "psr/log": "^1.1.4|^2|^3"
            },
            "replace": {
                "mongodb/builder": "*"
            },
            "require-dev": {
                "doctrine/coding-standard": "^12.0",
                "phpunit/phpunit": "^10.5.35",
                "rector/rector": "^1.2",
                "squizlabs/php_codesniffer": "^3.7",
                "vimeo/psalm": "6.5.*"
            },
            "type": "library",
            "extra": {
                "branch-alias": {
                    "dev-master": "1.x-dev"
                }
            },
            "autoload": {
                "files": [
                    "src/functions.php"
                ],
                "psr-4": {
                    "MongoDB\\": "src/"
                }
            },
            "notification-url": "https://packagist.org/downloads/",
            "license": [
                "Apache-2.0"
            ],
            "authors": [
                {
                    "name": "Andreas Braun",
                    "email": "andreas.braun@mongodb.com"
                },
                {
                    "name": "Jeremy Mikola",
                    "email": "jmikola@gmail.com"
                },
                {
                    "name": "Jérôme Tamarelle",
                    "email": "jerome.tamarelle@mongodb.com"
                }
            ],
            "description": "MongoDB driver library",
            "homepage": "https://jira.mongodb.org/browse/PHPLIB",
            "keywords": [
                "database",
                "driver",
                "mongodb",
                "persistence"
            ],
            "support": {
                "issues": "https://github.com/mongodb/mongo-php-library/issues",
                "source": "https://github.com/mongodb/mongo-php-library/tree/2.0.0"
            },
            "time": "2025-04-10T08:34:11+00:00"
        },
        {
            "name": "psr/log",
            "version": "3.0.2",
            "source": {
                "type": "git",
                "url": "https://github.com/php-fig/log.git",
                "reference": "f16e1d5863e37f8d8c2a01719f5b34baa2b714d3"
            },
            "dist": {
                "type": "zip",
                "url": "https://api.github.com/repos/php-fig/log/zipball/f16e1d5863e37f8d8c2a01719f5b34baa2b714d3",
                "reference": "f16e1d5863e37f8d8c2a01719f5b34baa2b714d3",
                "shasum": ""
            },
            "require": {
                "php": ">=8.0.0"
            },
            "type": "library",
            "extra": {
                "branch-alias": {
                    "dev-master": "3.x-dev"
                }
            },
            "autoload": {
                "psr-4": {
                    "Psr\\Log\\": "src"
                }
            },
            "notification-url": "https://packagist.org/downloads/",
            "license": [
                "MIT"
            ],
            "authors": [
                {
                    "name": "PHP-FIG",
                    "homepage": "https://www.php-fig.org/"
                }
            ],
            "description": "Common interface for logging libraries",
            "homepage": "https://github.com/php-fig/log",
            "keywords": [
                "log",
                "psr",
                "psr-3"
            ],
            "support": {
                "source": "https://github.com/php-fig/log/tree/3.0.2"
            },
            "time": "2024-09-11T13:17:53+00:00"
        }
    ],
    "packages-dev": [],
    "aliases": [],
    "minimum-stability": "stable",
    "stability-flags": {},
    "prefer-stable": false,
    "prefer-lowest": false,
    "platform": {},
    "platform-dev": {},
    "plugin-api-version": "2.6.0"
}
